
Microsoft Visual Studio Solution File, Format Version 12.00
# Visual Studio Version 17
VisualStudioVersion = 17.9.34728.123
MinimumVisualStudioVersion = 10.0.40219.1
Project("{FAE04EC0-301F-11D3-BF4B-00C04F79EFBC}") = "BookManage", "BookManage\BookManage.csproj", "{8C0D2461-98D0-4C98-B157-951BC9636A07}"
EndProject
Global
	GlobalSection(SolutionConfigurationPlatforms) = preSolution
		Debug|Any CPU = Debug|Any CPU
		Release|Any CPU = Release|Any CPU
	EndGlobalSection
	GlobalSection(ProjectConfigurationPlatforms) = postSolution
		{8C0D2461-98D0-4C98-B157-951BC9636A07}.Debug|Any CPU.ActiveCfg = Debug|Any CPU
		{8C0D2461-98D0-4C98-B157-951BC9636A07}.Debug|Any CPU.Build.0 = Debug|Any CPU
		{8C0D2461-98D0-4C98-B157-951BC9636A07}.Release|Any CPU.ActiveCfg = Release|Any CPU
		{8C0D2461-98D0-4C98-B157-951BC9636A07}.Release|Any CPU.Build.0 = Release|Any CPU
	EndGlobalSection
	GlobalSection(SolutionProperties) = preSolution
		HideSolutionNode = FALSE
	EndGlobalSection
	GlobalSection(ExtensibilityGlobals) = postSolution
		SolutionGuid = {C157CF26-85C7-4C93-8BA2-773683D23B8A}
	EndGlobalSection
EndGlobal
